
Microsoft Visual Studio Solution File, Format Version 12.00
# Visual Studio Version 17
VisualStudioVersion = 17.4.33103.184
MinimumVisualStudioVersion = 10.0.40219.1
Project("{FAE04EC0-301F-11D3-BF4B-00C04F79EFBC}") = "thejohns", "thejohns.csproj", "{B939AF2A-6DB2-4889-9D99-081FC8297360}"
EndProject
Global
	GlobalSection(SolutionConfigurationPlatforms) = preSolution
		Debug|Any CPU = Debug|Any CPU
		Release|Any CPU = Release|Any CPU
	EndGlobalSection
	GlobalSection(ProjectConfigurationPlatforms) = postSolution
		{B939AF2A-6DB2-4889-9D99-081FC8297360}.Debug|Any CPU.ActiveCfg = Debug|Any CPU
		{B939AF2A-6DB2-4889-9D99-081FC8297360}.Debug|Any CPU.Build.0 = Debug|Any CPU
		{B939AF2A-6DB2-4889-9D99-081FC8297360}.Release|Any CPU.ActiveCfg = Release|Any CPU
		{B939AF2A-6DB2-4889-9D99-081FC8297360}.Release|Any CPU.Build.0 = Release|Any CPU
	EndGlobalSection
	GlobalSection(SolutionProperties) = preSolution
		HideSolutionNode = FALSE
	EndGlobalSection
	GlobalSection(ExtensibilityGlobals) = postSolution
		SolutionGuid = {69598DFE-E607-4EE0-AA57-037F801331EB}
	EndGlobalSection
EndGlobal
